
Microsoft Visual Studio Solution File, Format Version 12.00
# Visual Studio Version 16
VisualStudioVersion = 16.0.30717.126
MinimumVisualStudioVersion = 10.0.40219.1
Project("{FAE04EC0-301F-11D3-BF4B-00C04F79EFBC}") = "CrudAPIWithHttpClient", "CrudAPIWithHttpClient.csproj", "{7153C14A-E381-4AEE-B27B-9EF1E02ACF58}"
EndProject
Global
	GlobalSection(SolutionConfigurationPlatforms) = preSolution
		Debug|Any CPU = Debug|Any CPU
		Release|Any CPU = Release|Any CPU
	EndGlobalSection
	GlobalSection(ProjectConfigurationPlatforms) = postSolution
		{7153C14A-E381-4AEE-B27B-9EF1E02ACF58}.Debug|Any CPU.ActiveCfg = Debug|Any CPU
		{7153C14A-E381-4AEE-B27B-9EF1E02ACF58}.Debug|Any CPU.Build.0 = Debug|Any CPU
		{7153C14A-E381-4AEE-B27B-9EF1E02ACF58}.Release|Any CPU.ActiveCfg = Release|Any CPU
		{7153C14A-E381-4AEE-B27B-9EF1E02ACF58}.Release|Any CPU.Build.0 = Release|Any CPU
	EndGlobalSection
	GlobalSection(SolutionProperties) = preSolution
		HideSolutionNode = FALSE
	EndGlobalSection
	GlobalSection(ExtensibilityGlobals) = postSolution
		SolutionGuid = {CFF80B9C-7832-42A9-8D0D-0487FA0E140B}
	EndGlobalSection
EndGlobal
